
Microsoft Visual Studio Solution File, Format Version 12.00
# Visual Studio Version 17
VisualStudioVersion = 17.12.35707.178 d17.12
MinimumVisualStudioVersion = 10.0.40219.1
Project("{FAE04EC0-301F-11D3-BF4B-00C04F79EFBC}") = "PaySupplement_P1_8", "PaySupplement_P1_8\PaySupplement_P1_8.csproj", "{24DC7077-BE3D-4FD2-B578-BE76DBB8A334}"
EndProject
Project("{FAE04EC0-301F-11D3-BF4B-00C04F79EFBC}") = "PaySupplement_P1_8Test", "PaySupplement_P1_8Test\PaySupplement_P1_8Test.csproj", "{36AB8089-E8AB-4495-B84F-52751098E915}"
EndProject
Global
	GlobalSection(SolutionConfigurationPlatforms) = preSolution
		Debug|Any CPU = Debug|Any CPU
		Release|Any CPU = Release|Any CPU
	EndGlobalSection
	GlobalSection(ProjectConfigurationPlatforms) = postSolution
		{24DC7077-BE3D-4FD2-B578-BE76DBB8A334}.Debug|Any CPU.ActiveCfg = Debug|Any CPU
		{24DC7077-BE3D-4FD2-B578-BE76DBB8A334}.Debug|Any CPU.Build.0 = Debug|Any CPU
		{24DC7077-BE3D-4FD2-B578-BE76DBB8A334}.Release|Any CPU.ActiveCfg = Release|Any CPU
		{24DC7077-BE3D-4FD2-B578-BE76DBB8A334}.Release|Any CPU.Build.0 = Release|Any CPU
		{36AB8089-E8AB-4495-B84F-52751098E915}.Debug|Any CPU.ActiveCfg = Debug|Any CPU
		{36AB8089-E8AB-4495-B84F-52751098E915}.Debug|Any CPU.Build.0 = Debug|Any CPU
		{36AB8089-E8AB-4495-B84F-52751098E915}.Release|Any CPU.ActiveCfg = Release|Any CPU
		{36AB8089-E8AB-4495-B84F-52751098E915}.Release|Any CPU.Build.0 = Release|Any CPU
	EndGlobalSection
	GlobalSection(SolutionProperties) = preSolution
		HideSolutionNode = FALSE
	EndGlobalSection
EndGlobal
